{
    "name": "mqtt_connect",
    "version": "1.0.0",
    "lockfileVersion": 2,
    "requires": true,
    "packages": {
        "": {
            "name": "mqtt_connect",
            "version": "1.0.0",
            "license": "Apache-2.0",
            "dependencies": {
                "aws-iot-device-sdk-v2": "../../../"
            },
            "devDependencies": {
                "@types/node": "^10.17.50",
                "typescript": "^3.9.7"
            }
        },
        "../../..": {
            "name": "aws-iot-device-sdk-v2",
            "version": "1.0.0-dev",
            "license": "Apache-2.0",
            "dependencies": {
                "aws-crt": "1.11.0"
            },
            "devDependencies": {
                "@types/node": "^10.17.50",
                "cmake-js": "^6.1.0",
                "typedoc": "^0.17.8",
                "typedoc-plugin-external-module-name": "^4.0.6",
                "typedoc-plugin-remove-references": "^0.0.5",
                "typescript": "^3.9.7"
            }
        },
        "node_modules/@types/node": {
            "version": "10.17.60",
            "resolved": "https://registry.npmjs.org/@types/node/-/node-10.17.60.tgz",
            "integrity": "sha512-F0KIgDJfy2nA3zMLmWGKxcH2ZVEtCZXHHdOQs2gSaQ27+lNeEfGxzkIw90aXswATX7AZ33tahPbzy6KAfUreVw==",
            "dev": true
        },
        "node_modules/aws-iot-device-sdk-v2": {
            "resolved": "../../..",
            "link": true
        },
        "node_modules/typescript": {
            "version": "3.9.10",
            "resolved": "https://registry.npmjs.org/typescript/-/typescript-3.9.10.tgz",
            "integrity": "sha512-w6fIxVE/H1PkLKcCPsFqKE7Kv7QUwhU8qQY2MueZXWx5cPZdwFupLgKK3vntcK98BtNHZtAF4LA/yl2a7k8R6Q==",
            "dev": true,
            "bin": {
                "tsc": "bin/tsc",
                "tsserver": "bin/tsserver"
            },
            "engines": {
                "node": ">=4.2.0"
            }
        }
    },
    "dependencies": {
        "@types/node": {
            "version": "10.17.60",
            "resolved": "https://registry.npmjs.org/@types/node/-/node-10.17.60.tgz",
            "integrity": "sha512-F0KIgDJfy2nA3zMLmWGKxcH2ZVEtCZXHHdOQs2gSaQ27+lNeEfGxzkIw90aXswATX7AZ33tahPbzy6KAfUreVw==",
            "dev": true
        },
        "aws-iot-device-sdk-v2": {
            "version": "file:../../..",
            "requires": {
                "@types/node": "^10.17.50",
                "aws-crt": "1.11.0",
                "cmake-js": "^6.1.0",
                "typedoc": "^0.17.8",
                "typedoc-plugin-external-module-name": "^4.0.6",
                "typedoc-plugin-remove-references": "^0.0.5",
                "typescript": "^3.9.7"
            }
        },
        "typescript": {
            "version": "3.9.10",
            "resolved": "https://registry.npmjs.org/typescript/-/typescript-3.9.10.tgz",
            "integrity": "sha512-w6fIxVE/H1PkLKcCPsFqKE7Kv7QUwhU8qQY2MueZXWx5cPZdwFupLgKK3vntcK98BtNHZtAF4LA/yl2a7k8R6Q==",
            "dev": true
        }
    }
}
